// !$*UTF8*$!
{
	archiveVersion = 1;
	classes = {
	};
	objectVersion = 46;
	objects = {

/* Begin PBXBuildFile section */
		7B52CE711E10F43C00CAED9B /* main.m in Sources */ = {isa = PBXBuildFile; fileRef = 7B52CE701E10F43C00CAED9B /* main.m */; };
		7B52CE741E10F43C00CAED9B /* AppDelegate.m in Sources */ = {isa = PBXBuildFile; fileRef = 7B52CE731E10F43C00CAED9B /* AppDelegate.m */; };
		7B52CE771E10F43C00CAED9B /* ViewController.m in Sources */ = {isa = PBXBuildFile; fileRef = 7B52CE761E10F43C00CAED9B /* ViewController.m */; };
		7B52CE7A1E10F43C00CAED9B /* Main.storyboard in Resources */ = {isa = PBXBuildFile; fileRef = 7B52CE781E10F43C00CAED9B /* Main.storyboard */; };
		7B52CE7C1E10F43C00CAED9B /* Assets.xcassets in Resources */ = {isa = PBXBuildFile; fileRef = 7B52CE7B1E10F43C00CAED9B /* Assets.xcassets */; };
		7B52CE7F1E10F43C00CAED9B /* LaunchScreen.storyboard in Resources */ = {isa = PBXBuildFile; fileRef = 7B52CE7D1E10F43C00CAED9B /* LaunchScreen.storyboard */; };
		7B52CF1A1E10F49E00CAED9B /* Build Settings 配置方法.rtf in Resources */ = {isa = PBXBuildFile; fileRef = 7B52CE871E10F49E00CAED9B /* Build Settings 配置方法.rtf */; };
		7B52CF1B1E10F49E00CAED9B /* UIImageView+VideoThumbnail.m in Sources */ = {isa = PBXBuildFile; fileRef = 7B52CE8A1E10F49E00CAED9B /* UIImageView+VideoThumbnail.m */; };
		7B52CF1C1E10F49E00CAED9B /* UIView+CacheOperation.m in Sources */ = {isa = PBXBuildFile; fileRef = 7B52CE8C1E10F49E00CAED9B /* UIView+CacheOperation.m */; };
		7B52CF1D1E10F49E00CAED9B /* WHImageCache.m in Sources */ = {isa = PBXBuildFile; fileRef = 7B52CE8E1E10F49E00CAED9B /* WHImageCache.m */; };
		7B52CF1E1E10F49E00CAED9B /* WHNetworkActivityIndicator.m in Sources */ = {isa = PBXBuildFile; fileRef = 7B52CE901E10F49E00CAED9B /* WHNetworkActivityIndicator.m */; };
		7B52CF1F1E10F49E00CAED9B /* WHThumbnailManager.m in Sources */ = {isa = PBXBuildFile; fileRef = 7B52CE921E10F49E00CAED9B /* WHThumbnailManager.m */; };
		7B52CF2C1E10F49E00CAED9B /* WHTableViewCell.m in Sources */ = {isa = PBXBuildFile; fileRef = 7B52CF0F1E10F49E00CAED9B /* WHTableViewCell.m */; };
		7B52CF2D1E10F49E00CAED9B /* WHTableViewCell.xib in Resources */ = {isa = PBXBuildFile; fileRef = 7B52CF101E10F49E00CAED9B /* WHTableViewCell.xib */; };
		7B52CF341E10F4F700CAED9B /* libiconv.tbd in Frameworks */ = {isa = PBXBuildFile; fileRef = 7B52CF331E10F4F700CAED9B /* libiconv.tbd */; };
		7B52CF361E10F50900CAED9B /* libbz2.tbd in Frameworks */ = {isa = PBXBuildFile; fileRef = 7B52CF351E10F50900CAED9B /* libbz2.tbd */; };
		7B52CF381E10F51700CAED9B /* libz.tbd in Frameworks */ = {isa = PBXBuildFile; fileRef = 7B52CF371E10F51700CAED9B /* libz.tbd */; };
		7B52CF421E10F5FE00CAED9B /* YYCache.m in Sources */ = {isa = PBXBuildFile; fileRef = 7B52CF3B1E10F5FE00CAED9B /* YYCache.m */; };
		7B52CF431E10F5FE00CAED9B /* YYDiskCache.m in Sources */ = {isa = PBXBuildFile; fileRef = 7B52CF3D1E10F5FE00CAED9B /* YYDiskCache.m */; };
		7B52CF441E10F5FE00CAED9B /* YYKVStorage.m in Sources */ = {isa = PBXBuildFile; fileRef = 7B52CF3F1E10F5FE00CAED9B /* YYKVStorage.m */; };
		7B52CF451E10F5FE00CAED9B /* YYMemoryCache.m in Sources */ = {isa = PBXBuildFile; fileRef = 7B52CF411E10F5FE00CAED9B /* YYMemoryCache.m */; };
		7B52CF471E10F61800CAED9B /* UIKit.framework in Frameworks */ = {isa = PBXBuildFile; fileRef = 7B52CF461E10F61800CAED9B /* UIKit.framework */; };
		7B52CF491E10F62D00CAED9B /* CoreFoundation.framework in Frameworks */ = {isa = PBXBuildFile; fileRef = 7B52CF481E10F62D00CAED9B /* CoreFoundation.framework */; };
		7B52CF4B1E10F63600CAED9B /* QuartzCore.framework in Frameworks */ = {isa = PBXBuildFile; fileRef = 7B52CF4A1E10F63600CAED9B /* QuartzCore.framework */; };
		7B52CF4D1E10F64D00CAED9B /* libsqlite3.0.tbd in Frameworks */ = {isa = PBXBuildFile; fileRef = 7B52CF4C1E10F64D00CAED9B /* libsqlite3.0.tbd */; };
		7BF2791D1E345E03002F708E /* VideoToolbox.framework in Frameworks */ = {isa = PBXBuildFile; fileRef = 7BF2791C1E345E03002F708E /* VideoToolbox.framework */; };
		7BF27A381E34756E002F708E /* libavcodec.a in Frameworks */ = {isa = PBXBuildFile; fileRef = 7BF27A251E34756E002F708E /* libavcodec.a */; };
		7BF27A391E34756E002F708E /* libavdevice.a in Frameworks */ = {isa = PBXBuildFile; fileRef = 7BF27A261E34756E002F708E /* libavdevice.a */; };
		7BF27A3A1E34756E002F708E /* libavfilter.a in Frameworks */ = {isa = PBXBuildFile; fileRef = 7BF27A271E34756E002F708E /* libavfilter.a */; };
		7BF27A3B1E34756E002F708E /* libavformat.a in Frameworks */ = {isa = PBXBuildFile; fileRef = 7BF27A281E34756E002F708E /* libavformat.a */; };
		7BF27A3C1E34756E002F708E /* libavutil.a in Frameworks */ = {isa = PBXBuildFile; fileRef = 7BF27A291E34756E002F708E /* libavutil.a */; };
		7BF27A3D1E34756E002F708E /* libswresample.a in Frameworks */ = {isa = PBXBuildFile; fileRef = 7BF27A2A1E34756E002F708E /* libswresample.a */; };
		7BF27A3E1E34756E002F708E /* libswscale.a in Frameworks */ = {isa = PBXBuildFile; fileRef = 7BF27A2B1E34756E002F708E /* libswscale.a */; };
		7BF27A3F1E34756E002F708E /* KxAudioManager.m in Sources */ = {isa = PBXBuildFile; fileRef = 7BF27A2E1E34756E002F708E /* KxAudioManager.m */; };
		7BF27A401E34756E002F708E /* kxmovie.bundle in Resources */ = {isa = PBXBuildFile; fileRef = 7BF27A311E34756E002F708E /* kxmovie.bundle */; };
		7BF27A411E34756E002F708E /* KxMovieDecoder.m in Sources */ = {isa = PBXBuildFile; fileRef = 7BF27A331E34756E002F708E /* KxMovieDecoder.m */; };
		7BF27A421E34756E002F708E /* KxMovieGLView.m in Sources */ = {isa = PBXBuildFile; fileRef = 7BF27A351E34756E002F708E /* KxMovieGLView.m */; };
		7BF27A431E34756E002F708E /* KxMovieViewController.m in Sources */ = {isa = PBXBuildFile; fileRef = 7BF27A371E34756E002F708E /* KxMovieViewController.m */; };
/* End PBXBuildFile section */

/* Begin PBXFileReference section */
		7B52CE6C1E10F43C00CAED9B /* 获取视频某一帧图片.app */ = {isa = PBXFileReference; explicitFileType = wrapper.application; includeInIndex = 0; path = "获取视频某一帧图片.app"; sourceTree = BUILT_PRODUCTS_DIR; };
		7B52CE701E10F43C00CAED9B /* main.m */ = {isa = PBXFileReference; lastKnownFileType = sourcecode.c.objc; path = main.m; sourceTree = "<group>"; };
		7B52CE721E10F43C00CAED9B /* AppDelegate.h */ = {isa = PBXFileReference; lastKnownFileType = sourcecode.c.h; path = AppDelegate.h; sourceTree = "<group>"; };
		7B52CE731E10F43C00CAED9B /* AppDelegate.m */ = {isa = PBXFileReference; lastKnownFileType = sourcecode.c.objc; path = AppDelegate.m; sourceTree = "<group>"; };
		7B52CE751E10F43C00CAED9B /* ViewController.h */ = {isa = PBXFileReference; lastKnownFileType = sourcecode.c.h; path = ViewController.h; sourceTree = "<group>"; };
		7B52CE761E10F43C00CAED9B /* ViewController.m */ = {isa = PBXFileReference; lastKnownFileType = sourcecode.c.objc; path = ViewController.m; sourceTree = "<group>"; };
		7B52CE791E10F43C00CAED9B /* Base */ = {isa = PBXFileReference; lastKnownFileType = file.storyboard; name = Base; path = Base.lproj/Main.storyboard; sourceTree = "<group>"; };
		7B52CE7B1E10F43C00CAED9B /* Assets.xcassets */ = {isa = PBXFileReference; lastKnownFileType = folder.assetcatalog; path = Assets.xcassets; sourceTree = "<group>"; };
		7B52CE7E1E10F43C00CAED9B /* Base */ = {isa = PBXFileReference; lastKnownFileType = file.storyboard; name = Base; path = Base.lproj/LaunchScreen.storyboard; sourceTree = "<group>"; };
		7B52CE801E10F43C00CAED9B /* Info.plist */ = {isa = PBXFileReference; lastKnownFileType = text.plist.xml; path = Info.plist; sourceTree = "<group>"; };
		7B52CE871E10F49E00CAED9B /* Build Settings 配置方法.rtf */ = {isa = PBXFileReference; fileEncoding = 4; lastKnownFileType = text.rtf; path = "Build Settings 配置方法.rtf"; sourceTree = "<group>"; };
		7B52CE891E10F49E00CAED9B /* UIImageView+VideoThumbnail.h */ = {isa = PBXFileReference; fileEncoding = 4; lastKnownFileType = sourcecode.c.h; path = "UIImageView+VideoThumbnail.h"; sourceTree = "<group>"; };
		7B52CE8A1E10F49E00CAED9B /* UIImageView+VideoThumbnail.m */ = {isa = PBXFileReference; fileEncoding = 4; lastKnownFileType = sourcecode.c.objc; path = "UIImageView+VideoThumbnail.m"; sourceTree = "<group>"; };
		7B52CE8B1E10F49E00CAED9B /* UIView+CacheOperation.h */ = {isa = PBXFileReference; fileEncoding = 4; lastKnownFileType = sourcecode.c.h; path = "UIView+CacheOperation.h"; sourceTree = "<group>"; };
		7B52CE8C1E10F49E00CAED9B /* UIView+CacheOperation.m */ = {isa = PBXFileReference; fileEncoding = 4; lastKnownFileType = sourcecode.c.objc; path = "UIView+CacheOperation.m"; sourceTree = "<group>"; };
		7B52CE8D1E10F49E00CAED9B /* WHImageCache.h */ = {isa = PBXFileReference; fileEncoding = 4; lastKnownFileType = sourcecode.c.h; path = WHImageCache.h; sourceTree = "<group>"; };
		7B52CE8E1E10F49E00CAED9B /* WHImageCache.m */ = {isa = PBXFileReference; fileEncoding = 4; lastKnownFileType = sourcecode.c.objc; path = WHImageCache.m; sourceTree = "<group>"; };
		7B52CE8F1E10F49E00CAED9B /* WHNetworkActivityIndicator.h */ = {isa = PBXFileReference; fileEncoding = 4; lastKnownFileType = sourcecode.c.h; path = WHNetworkActivityIndicator.h; sourceTree = "<group>"; };
		7B52CE901E10F49E00CAED9B /* WHNetworkActivityIndicator.m */ = {isa = PBXFileReference; fileEncoding = 4; lastKnownFileType = sourcecode.c.objc; path = WHNetworkActivityIndicator.m; sourceTree = "<group>"; };
		7B52CE911E10F49E00CAED9B /* WHThumbnailManager.h */ = {isa = PBXFileReference; fileEncoding = 4; lastKnownFileType = sourcecode.c.h; path = WHThumbnailManager.h; sourceTree = "<group>"; };
		7B52CE921E10F49E00CAED9B /* WHThumbnailManager.m */ = {isa = PBXFileReference; fileEncoding = 4; lastKnownFileType = sourcecode.c.objc; path = WHThumbnailManager.m; sourceTree = "<group>"; };
		7B52CE931E10F49E00CAED9B /* WHVideoThumbnail.h */ = {isa = PBXFileReference; fileEncoding = 4; lastKnownFileType = sourcecode.c.h; path = WHVideoThumbnail.h; sourceTree = "<group>"; };
		7B52CF0E1E10F49E00CAED9B /* WHTableViewCell.h */ = {isa = PBXFileReference; fileEncoding = 4; lastKnownFileType = sourcecode.c.h; path = WHTableViewCell.h; sourceTree = "<group>"; };
		7B52CF0F1E10F49E00CAED9B /* WHTableViewCell.m */ = {isa = PBXFileReference; fileEncoding = 4; lastKnownFileType = sourcecode.c.objc; path = WHTableViewCell.m; sourceTree = "<group>"; };
		7B52CF101E10F49E00CAED9B /* WHTableViewCell.xib */ = {isa = PBXFileReference; fileEncoding = 4; lastKnownFileType = file.xib; path = WHTableViewCell.xib; sourceTree = "<group>"; };
		7B52CF331E10F4F700CAED9B /* libiconv.tbd */ = {isa = PBXFileReference; lastKnownFileType = "sourcecode.text-based-dylib-definition"; name = libiconv.tbd; path = usr/lib/libiconv.tbd; sourceTree = SDKROOT; };
		7B52CF351E10F50900CAED9B /* libbz2.tbd */ = {isa = PBXFileReference; lastKnownFileType = "sourcecode.text-based-dylib-definition"; name = libbz2.tbd; path = usr/lib/libbz2.tbd; sourceTree = SDKROOT; };
		7B52CF371E10F51700CAED9B /* libz.tbd */ = {isa = PBXFileReference; lastKnownFileType = "sourcecode.text-based-dylib-definition"; name = libz.tbd; path = usr/lib/libz.tbd; sourceTree = SDKROOT; };
		7B52CF3A1E10F5FE00CAED9B /* YYCache.h */ = {isa = PBXFileReference; fileEncoding = 4; lastKnownFileType = sourcecode.c.h; path = YYCache.h; sourceTree = "<group>"; };
		7B52CF3B1E10F5FE00CAED9B /* YYCache.m */ = {isa = PBXFileReference; fileEncoding = 4; lastKnownFileType = sourcecode.c.objc; path = YYCache.m; sourceTree = "<group>"; };
		7B52CF3C1E10F5FE00CAED9B /* YYDiskCache.h */ = {isa = PBXFileReference; fileEncoding = 4; lastKnownFileType = sourcecode.c.h; path = YYDiskCache.h; sourceTree = "<group>"; };
		7B52CF3D1E10F5FE00CAED9B /* YYDiskCache.m */ = {isa = PBXFileReference; fileEncoding = 4; lastKnownFileType = sourcecode.c.objc; path = YYDiskCache.m; sourceTree = "<group>"; };
		7B52CF3E1E10F5FE00CAED9B /* YYKVStorage.h */ = {isa = PBXFileReference; fileEncoding = 4; lastKnownFileType = sourcecode.c.h; path = YYKVStorage.h; sourceTree = "<group>"; };
		7B52CF3F1E10F5FE00CAED9B /* YYKVStorage.m */ = {isa = PBXFileReference; fileEncoding = 4; lastKnownFileType = sourcecode.c.objc; path = YYKVStorage.m; sourceTree = "<group>"; };
		7B52CF401E10F5FE00CAED9B /* YYMemoryCache.h */ = {isa = PBXFileReference; fileEncoding = 4; lastKnownFileType = sourcecode.c.h; path = YYMemoryCache.h; sourceTree = "<group>"; };
		7B52CF411E10F5FE00CAED9B /* YYMemoryCache.m */ = {isa = PBXFileReference; fileEncoding = 4; lastKnownFileType = sourcecode.c.objc; path = YYMemoryCache.m; sourceTree = "<group>"; };
		7B52CF461E10F61800CAED9B /* UIKit.framework */ = {isa = PBXFileReference; lastKnownFileType = wrapper.framework; name = UIKit.framework; path = System/Library/Frameworks/UIKit.framework; sourceTree = SDKROOT; };
		7B52CF481E10F62D00CAED9B /* CoreFoundation.framework */ = {isa = PBXFileReference; lastKnownFileType = wrapper.framework; name = CoreFoundation.framework; path = System/Library/Frameworks/CoreFoundation.framework; sourceTree = SDKROOT; };
		7B52CF4A1E10F63600CAED9B /* QuartzCore.framework */ = {isa = PBXFileReference; lastKnownFileType = wrapper.framework; name = QuartzCore.framework; path = System/Library/Frameworks/QuartzCore.framework; sourceTree = SDKROOT; };
		7B52CF4C1E10F64D00CAED9B /* libsqlite3.0.tbd */ = {isa = PBXFileReference; lastKnownFileType = "sourcecode.text-based-dylib-definition"; name = libsqlite3.0.tbd; path = usr/lib/libsqlite3.0.tbd; sourceTree = SDKROOT; };
		7BF2791C1E345E03002F708E /* VideoToolbox.framework */ = {isa = PBXFileReference; lastKnownFileType = wrapper.framework; name = VideoToolbox.framework; path = System/Library/Frameworks/VideoToolbox.framework; sourceTree = SDKROOT; };
		7BF279B51E34756E002F708E /* avcodec.h */ = {isa = PBXFileReference; fileEncoding = 4; lastKnownFileType = sourcecode.c.h; path = avcodec.h; sourceTree = "<group>"; };
		7BF279B61E34756E002F708E /* avdct.h */ = {isa = PBXFileReference; fileEncoding = 4; lastKnownFileType = sourcecode.c.h; path = avdct.h; sourceTree = "<group>"; };
		7BF279B71E34756E002F708E /* avfft.h */ = {isa = PBXFileReference; fileEncoding = 4; lastKnownFileType = sourcecode.c.h; path = avfft.h; sourceTree = "<group>"; };
		7BF279B81E34756E002F708E /* d3d11va.h */ = {isa = PBXFileReference; fileEncoding = 4; lastKnownFileType = sourcecode.c.h; path = d3d11va.h; sourceTree = "<group>"; };
		7BF279B91E34756E002F708E /* dirac.h */ = {isa = PBXFileReference; fileEncoding = 4; lastKnownFileType = sourcecode.c.h; path = dirac.h; sourceTree = "<group>"; };
		7BF279BA1E34756E002F708E /* dv_profile.h */ = {isa = PBXFileReference; fileEncoding = 4; lastKnownFileType = sourcecode.c.h; path = dv_profile.h; sourceTree = "<group>"; };
		7BF279BB1E34756E002F708E /* dxva2.h */ = {isa = PBXFileReference; fileEncoding = 4; lastKnownFileType = sourcecode.c.h; path = dxva2.h; sourceTree = "<group>"; };
		7BF279BC1E34756E002F708E /* jni.h */ = {isa = PBXFileReference; fileEncoding = 4; lastKnownFileType = sourcecode.c.h; path = jni.h; sourceTree = "<group>"; };
		7BF279BD1E34756E002F708E /* mediacodec.h */ = {isa = PBXFileReference; fileEncoding = 4; lastKnownFileType = sourcecode.c.h; path = mediacodec.h; sourceTree = "<group>"; };
		7BF279BE1E34756E002F708E /* qsv.h */ = {isa = PBXFileReference; fileEncoding = 4; lastKnownFileType = sourcecode.c.h; path = qsv.h; sourceTree = "<group>"; };
		7BF279BF1E34756E002F708E /* vaapi.h */ = {isa = PBXFileReference; fileEncoding = 4; lastKnownFileType = sourcecode.c.h; path = vaapi.h; sourceTree = "<group>"; };
		7BF279C01E34756E002F708E /* vda.h */ = {isa = PBXFileReference; fileEncoding = 4; lastKnownFileType = sourcecode.c.h; path = vda.h; sourceTree = "<group>"; };
		7BF279C11E34756E002F708E /* vdpau.h */ = {isa = PBXFileReference; fileEncoding = 4; lastKnownFileType = sourcecode.c.h; path = vdpau.h; sourceTree = "<group>"; };
		7BF279C21E34756E002F708E /* version.h */ = {isa = PBXFileReference; fileEncoding = 4; lastKnownFileType = sourcecode.c.h; path = version.h; sourceTree = "<group>"; };
		7BF279C31E34756E002F708E /* videotoolbox.h */ = {isa = PBXFileReference; fileEncoding = 4; lastKnownFileType = sourcecode.c.h; path = videotoolbox.h; sourceTree = "<group>"; };
		7BF279C41E34756E002F708E /* vorbis_parser.h */ = {isa = PBXFileReference; fileEncoding = 4; lastKnownFileType = sourcecode.c.h; path = vorbis_parser.h; sourceTree = "<group>"; };
		7BF279C51E34756E002F708E /* xvmc.h */ = {isa = PBXFileReference; fileEncoding = 4; lastKnownFileType = sourcecode.c.h; path = xvmc.h; sourceTree = "<group>"; };
		7BF279C71E34756E002F708E /* avdevice.h */ = {isa = PBXFileReference; fileEncoding = 4; lastKnownFileType = sourcecode.c.h; path = avdevice.h; sourceTree = "<group>"; };
		7BF279C81E34756E002F708E /* version.h */ = {isa = PBXFileReference; fileEncoding = 4; lastKnownFileType = sourcecode.c.h; path = version.h; sourceTree = "<group>"; };
		7BF279CA1E34756E002F708E /* avfilter.h */ = {isa = PBXFileReference; fileEncoding = 4; lastKnownFileType = sourcecode.c.h; path = avfilter.h; sourceTree = "<group>"; };
		7BF279CB1E34756E002F708E /* avfiltergraph.h */ = {isa = PBXFileReference; fileEncoding = 4; lastKnownFileType = sourcecode.c.h; path = avfiltergraph.h; sourceTree = "<group>"; };
		7BF279CC1E34756E002F708E /* buffersink.h */ = {isa = PBXFileReference; fileEncoding = 4; lastKnownFileType = sourcecode.c.h; path = buffersink.h; sourceTree = "<group>"; };
		7BF279CD1E34756E002F708E /* buffersrc.h */ = {isa = PBXFileReference; fileEncoding = 4; lastKnownFileType = sourcecode.c.h; path = buffersrc.h; sourceTree = "<group>"; };
		7BF279CE1E34756E002F708E /* version.h */ = {isa = PBXFileReference; fileEncoding = 4; lastKnownFileType = sourcecode.c.h; path = version.h; sourceTree = "<group>"; };
		7BF279D01E34756E002F708E /* avformat.h */ = {isa = PBXFileReference; fileEncoding = 4; lastKnownFileType = sourcecode.c.h; path = avformat.h; sourceTree = "<group>"; };
		7BF279D11E34756E002F708E /* avio.h */ = {isa = PBXFileReference; fileEncoding = 4; lastKnownFileType = sourcecode.c.h; path = avio.h; sourceTree = "<group>"; };
		7BF279D21E34756E002F708E /* version.h */ = {isa = PBXFileReference; fileEncoding = 4; lastKnownFileType = sourcecode.c.h; path = version.h; sourceTree = "<group>"; };
		7BF279D41E34756E002F708E /* adler32.h */ = {isa = PBXFileReference; fileEncoding = 4; lastKnownFileType = sourcecode.c.h; path = adler32.h; sourceTree = "<group>"; };
		7BF279D51E34756E002F708E /* aes.h */ = {isa = PBXFileReference; fileEncoding = 4; lastKnownFileType = sourcecode.c.h; path = aes.h; sourceTree = "<group>"; };
		7BF279D61E34756E002F708E /* aes_ctr.h */ = {isa = PBXFileReference; fileEncoding = 4; lastKnownFileType = sourcecode.c.h; path = aes_ctr.h; sourceTree = "<group>"; };
		7BF279D71E34756E002F708E /* attributes.h */ = {isa = PBXFileReference; fileEncoding = 4; lastKnownFileType = sourcecode.c.h; path = attributes.h; sourceTree = "<group>"; };
		7BF279D81E34756E002F708E /* audio_fifo.h */ = {isa = PBXFileReference; fileEncoding = 4; lastKnownFileType = sourcecode.c.h; path = audio_fifo.h; sourceTree = "<group>"; };
		7BF279D91E34756E002F708E /* avassert.h */ = {isa = PBXFileReference; fileEncoding = 4; lastKnownFileType = sourcecode.c.h; path = avassert.h; sourceTree = "<group>"; };
		7BF279DA1E34756E002F708E /* avconfig.h */ = {isa = PBXFileReference; fileEncoding = 4; lastKnownFileType = sourcecode.c.h; path = avconfig.h; sourceTree = "<group>"; };
		7BF279DB1E34756E002F708E /* avstring.h */ = {isa = PBXFileReference; fileEncoding = 4; lastKnownFileType = sourcecode.c.h; path = avstring.h; sourceTree = "<group>"; };
		7BF279DC1E34756E002F708E /* avutil.h */ = {isa = PBXFileReference; fileEncoding = 4; lastKnownFileType = sourcecode.c.h; path = avutil.h; sourceTree = "<group>"; };
		7BF279DD1E34756E002F708E /* base64.h */ = {isa = PBXFileReference; fileEncoding = 4; lastKnownFileType = sourcecode.c.h; path = base64.h; sourceTree = "<group>"; };
		7BF279DE1E34756E002F708E /* blowfish.h */ = {isa = PBXFileReference; fileEncoding = 4; lastKnownFileType = sourcecode.c.h; path = blowfish.h; sourceTree = "<group>"; };
		7BF279DF1E34756E002F708E /* bprint.h */ = {isa = PBXFileReference; fileEncoding = 4; lastKnownFileType = sourcecode.c.h; path = bprint.h; sourceTree = "<group>"; };
		7BF279E01E34756E002F708E /* bswap.h */ = {isa = PBXFileReference; fileEncoding = 4; lastKnownFileType = sourcecode.c.h; path = bswap.h; sourceTree = "<group>"; };
		7BF279E11E34756E002F708E /* buffer.h */ = {isa = PBXFileReference; fileEncoding = 4; lastKnownFileType = sourcecode.c.h; path = buffer.h; sourceTree = "<group>"; };
		7BF279E21E34756E002F708E /* camellia.h */ = {isa = PBXFileReference; fileEncoding = 4; lastKnownFileType = sourcecode.c.h; path = camellia.h; sourceTree = "<group>"; };
		7BF279E31E34756E002F708E /* cast5.h */ = {isa = PBXFileReference; fileEncoding = 4; lastKnownFileType = sourcecode.c.h; path = cast5.h; sourceTree = "<group>"; };
		7BF279E41E34756E002F708E /* channel_layout.h */ = {isa = PBXFileReference; fileEncoding = 4; lastKnownFileType = sourcecode.c.h; path = channel_layout.h; sourceTree = "<group>"; };
		7BF279E51E34756E002F708E /* common.h */ = {isa = PBXFileReference; fileEncoding = 4; lastKnownFileType = sourcecode.c.h; path = common.h; sourceTree = "<group>"; };
		7BF279E61E34756E002F708E /* cpu.h */ = {isa = PBXFileReference; fileEncoding = 4; lastKnownFileType = sourcecode.c.h; path = cpu.h; sourceTree = "<group>"; };
		7BF279E71E34756E002F708E /* crc.h */ = {isa = PBXFileReference; fileEncoding = 4; lastKnownFileType = sourcecode.c.h; path = crc.h; sourceTree = "<group>"; };
		7BF279E81E34756E002F708E /* des.h */ = {isa = PBXFileReference; fileEncoding = 4; lastKnownFileType = sourcecode.c.h; path = des.h; sourceTree = "<group>"; };
		7BF279E91E34756E002F708E /* dict.h */ = {isa = PBXFileReference; fileEncoding = 4; lastKnownFileType = sourcecode.c.h; path = dict.h; sourceTree = "<group>"; };
		7BF279EA1E34756E002F708E /* display.h */ = {isa = PBXFileReference; fileEncoding = 4; lastKnownFileType = sourcecode.c.h; path = display.h; sourceTree = "<group>"; };
		7BF279EB1E34756E002F708E /* downmix_info.h */ = {isa = PBXFileReference; fileEncoding = 4; lastKnownFileType = sourcecode.c.h; path = downmix_info.h; sourceTree = "<group>"; };
		7BF279EC1E34756E002F708E /* error.h */ = {isa = PBXFileReference; fileEncoding = 4; lastKnownFileType = sourcecode.c.h; path = error.h; sourceTree = "<group>"; };
		7BF279ED1E34756E002F708E /* eval.h */ = {isa = PBXFileReference; fileEncoding = 4; lastKnownFileType = sourcecode.c.h; path = eval.h; sourceTree = "<group>"; };
		7BF279EE1E34756E002F708E /* ffversion.h */ = {isa = PBXFileReference; fileEncoding = 4; lastKnownFileType = sourcecode.c.h; path = ffversion.h; sourceTree = "<group>"; };
		7BF279EF1E34756E002F708E /* fifo.h */ = {isa = PBXFileReference; fileEncoding = 4; lastKnownFileType = sourcecode.c.h; path = fifo.h; sourceTree = "<group>"; };
		7BF279F01E34756E002F708E /* file.h */ = {isa = PBXFileReference; fileEncoding = 4; lastKnownFileType = sourcecode.c.h; path = file.h; sourceTree = "<group>"; };
		7BF279F11E34756E002F708E /* frame.h */ = {isa = PBXFileReference; fileEncoding = 4; lastKnownFileType = sourcecode.c.h; path = frame.h; sourceTree = "<group>"; };
		7BF279F21E34756E002F708E /* hash.h */ = {isa = PBXFileReference; fileEncoding = 4; lastKnownFileType = sourcecode.c.h; path = hash.h; sourceTree = "<group>"; };
		7BF279F31E34756E002F708E /* hmac.h */ = {isa = PBXFileReference; fileEncoding = 4; lastKnownFileType = sourcecode.c.h; path = hmac.h; sourceTree = "<group>"; };
		7BF279F41E34756E002F708E /* hwcontext.h */ = {isa = PBXFileReference; fileEncoding = 4; lastKnownFileType = sourcecode.c.h; path = hwcontext.h; sourceTree = "<group>"; };
		7BF279F51E34756E002F708E /* hwcontext_cuda.h */ = {isa = PBXFileReference; fileEncoding = 4; lastKnownFileType = sourcecode.c.h; path = hwcontext_cuda.h; sourceTree = "<group>"; };
		7BF279F61E34756E002F708E /* hwcontext_dxva2.h */ = {isa = PBXFileReference; fileEncoding = 4; lastKnownFileType = sourcecode.c.h; path = hwcontext_dxva2.h; sourceTree = "<group>"; };
		7BF279F71E34756E002F708E /* hwcontext_qsv.h */ = {isa = PBXFileReference; fileEncoding = 4; lastKnownFileType = sourcecode.c.h; path = hwcontext_qsv.h; sourceTree = "<group>"; };
		7BF279F81E34756E002F708E /* hwcontext_vaapi.h */ = {isa = PBXFileReference; fileEncoding = 4; lastKnownFileType = sourcecode.c.h; path = hwcontext_vaapi.h; sourceTree = "<group>"; };
		7BF279F91E34756E002F708E /* hwcontext_vdpau.h */ = {isa = PBXFileReference; fileEncoding = 4; lastKnownFileType = sourcecode.c.h; path = hwcontext_vdpau.h; sourceTree = "<group>"; };
		7BF279FA1E34756E002F708E /* imgutils.h */ = {isa = PBXFileReference; fileEncoding = 4; lastKnownFileType = sourcecode.c.h; path = imgutils.h; sourceTree = "<group>"; };
		7BF279FB1E34756E002F708E /* intfloat.h */ = {isa = PBXFileReference; fileEncoding = 4; lastKnownFileType = sourcecode.c.h; path = intfloat.h; sourceTree = "<group>"; };
		7BF279FC1E34756E002F708E /* intreadwrite.h */ = {isa = PBXFileReference; fileEncoding = 4; lastKnownFileType = sourcecode.c.h; path = intreadwrite.h; sourceTree = "<group>"; };
		7BF279FD1E34756E002F708E /* lfg.h */ = {isa = PBXFileReference; fileEncoding = 4; lastKnownFileType = sourcecode.c.h; path = lfg.h; sourceTree = "<group>"; };
		7BF279FE1E34756E002F708E /* log.h */ = {isa = PBXFileReference; fileEncoding = 4; lastKnownFileType = sourcecode.c.h; path = log.h; sourceTree = "<group>"; };
		7BF279FF1E34756E002F708E /* lzo.h */ = {isa = PBXFileReference; fileEncoding = 4; lastKnownFileType = sourcecode.c.h; path = lzo.h; sourceTree = "<group>"; };
		7BF27A001E34756E002F708E /* macros.h */ = {isa = PBXFileReference; fileEncoding = 4; lastKnownFileType = sourcecode.c.h; path = macros.h; sourceTree = "<group>"; };
		7BF27A011E34756E002F708E /* mastering_display_metadata.h */ = {isa = PBXFileReference; fileEncoding = 4; lastKnownFileType = sourcecode.c.h; path = mastering_display_metadata.h; sourceTree = "<group>"; };
		7BF27A021E34756E002F708E /* mathematics.h */ = {isa = PBXFileReference; fileEncoding = 4; lastKnownFileType = sourcecode.c.h; path = mathematics.h; sourceTree = "<group>"; };
		7BF27A031E34756E002F708E /* md5.h */ = {isa = PBXFileReference; fileEncoding = 4; lastKnownFileType = sourcecode.c.h; path = md5.h; sourceTree = "<group>"; };
		7BF27A041E34756E002F708E /* mem.h */ = {isa = PBXFileReference; fileEncoding = 4; lastKnownFileType = sourcecode.c.h; path = mem.h; sourceTree = "<group>"; };
		7BF27A051E34756E002F708E /* motion_vector.h */ = {isa = PBXFileReference; fileEncoding = 4; lastKnownFileType = sourcecode.c.h; path = motion_vector.h; sourceTree = "<group>"; };
		7BF27A061E34756E002F708E /* murmur3.h */ = {isa = PBXFileReference; fileEncoding = 4; lastKnownFileType = sourcecode.c.h; path = murmur3.h; sourceTree = "<group>"; };
		7BF27A071E34756E002F708E /* opt.h */ = {isa = PBXFileReference; fileEncoding = 4; lastKnownFileType = sourcecode.c.h; path = opt.h; sourceTree = "<group>"; };
		7BF27A081E34756E002F708E /* parseutils.h */ = {isa = PBXFileReference; fileEncoding = 4; lastKnownFileType = sourcecode.c.h; path = parseutils.h; sourceTree = "<group>"; };
		7BF27A091E34756E002F708E /* pixdesc.h */ = {isa = PBXFileReference; fileEncoding = 4; lastKnownFileType = sourcecode.c.h; path = pixdesc.h; sourceTree = "<group>"; };
		7BF27A0A1E34756E002F708E /* pixelutils.h */ = {isa = PBXFileReference; fileEncoding = 4; lastKnownFileType = sourcecode.c.h; path = pixelutils.h; sourceTree = "<group>"; };
		7BF27A0B1E34756E002F708E /* pixfmt.h */ = {isa = PBXFileReference; fileEncoding = 4; lastKnownFileType = sourcecode.c.h; path = pixfmt.h; sourceTree = "<group>"; };
		7BF27A0C1E34756E002F708E /* random_seed.h */ = {isa = PBXFileReference; fileEncoding = 4; lastKnownFileType = sourcecode.c.h; path = random_seed.h; sourceTree = "<group>"; };
		7BF27A0D1E34756E002F708E /* rational.h */ = {isa = PBXFileReference; fileEncoding = 4; lastKnownFileType = sourcecode.c.h; path = rational.h; sourceTree = "<group>"; };
		7BF27A0E1E34756E002F708E /* rc4.h */ = {isa = PBXFileReference; fileEncoding = 4; lastKnownFileType = sourcecode.c.h; path = rc4.h; sourceTree = "<group>"; };
		7BF27A0F1E34756E002F708E /* replaygain.h */ = {isa = PBXFileReference; fileEncoding = 4; lastKnownFileType = sourcecode.c.h; path = replaygain.h; sourceTree = "<group>"; };
		7BF27A101E34756E002F708E /* ripemd.h */ = {isa = PBXFileReference; fileEncoding = 4; lastKnownFileType = sourcecode.c.h; path = ripemd.h; sourceTree = "<group>"; };
		7BF27A111E34756E002F708E /* samplefmt.h */ = {isa = PBXFileReference; fileEncoding = 4; lastKnownFileType = sourcecode.c.h; path = samplefmt.h; sourceTree = "<group>"; };
		7BF27A121E34756E002F708E /* sha.h */ = {isa = PBXFileReference; fileEncoding = 4; lastKnownFileType = sourcecode.c.h; path = sha.h; sourceTree = "<group>"; };
		7BF27A131E34756E002F708E /* sha512.h */ = {isa = PBXFileReference; fileEncoding = 4; lastKnownFileType = sourcecode.c.h; path = sha512.h; sourceTree = "<group>"; };
		7BF27A141E34756E002F708E /* stereo3d.h */ = {isa = PBXFileReference; fileEncoding = 4; lastKnownFileType = sourcecode.c.h; path = stereo3d.h; sourceTree = "<group>"; };
		7BF27A151E34756E002F708E /* tea.h */ = {isa = PBXFileReference; fileEncoding = 4; lastKnownFileType = sourcecode.c.h; path = tea.h; sourceTree = "<group>"; };
		7BF27A161E34756E002F708E /* threadmessage.h */ = {isa = PBXFileReference; fileEncoding = 4; lastKnownFileType = sourcecode.c.h; path = threadmessage.h; sourceTree = "<group>"; };
		7BF27A171E34756E002F708E /* time.h */ = {isa = PBXFileReference; fileEncoding = 4; lastKnownFileType = sourcecode.c.h; path = time.h; sourceTree = "<group>"; };
		7BF27A181E34756E002F708E /* timecode.h */ = {isa = PBXFileReference; fileEncoding = 4; lastKnownFileType = sourcecode.c.h; path = timecode.h; sourceTree = "<group>"; };
		7BF27A191E34756E002F708E /* timestamp.h */ = {isa = PBXFileReference; fileEncoding = 4; lastKnownFileType = sourcecode.c.h; path = timestamp.h; sourceTree = "<group>"; };
		7BF27A1A1E34756E002F708E /* tree.h */ = {isa = PBXFileReference; fileEncoding = 4; lastKnownFileType = sourcecode.c.h; path = tree.h; sourceTree = "<group>"; };
		7BF27A1B1E34756E002F708E /* twofish.h */ = {isa = PBXFileReference; fileEncoding = 4; lastKnownFileType = sourcecode.c.h; path = twofish.h; sourceTree = "<group>"; };
		7BF27A1C1E34756E002F708E /* version.h */ = {isa = PBXFileReference; fileEncoding = 4; lastKnownFileType = sourcecode.c.h; path = version.h; sourceTree = "<group>"; };
		7BF27A1D1E34756E002F708E /* xtea.h */ = {isa = PBXFileReference; fileEncoding = 4; lastKnownFileType = sourcecode.c.h; path = xtea.h; sourceTree = "<group>"; };
		7BF27A1F1E34756E002F708E /* swresample.h */ = {isa = PBXFileReference; fileEncoding = 4; lastKnownFileType = sourcecode.c.h; path = swresample.h; sourceTree = "<group>"; };
		7BF27A201E34756E002F708E /* version.h */ = {isa = PBXFileReference; fileEncoding = 4; lastKnownFileType = sourcecode.c.h; path = version.h; sourceTree = "<group>"; };
		7BF27A221E34756E002F708E /* swscale.h */ = {isa = PBXFileReference; fileEncoding = 4; lastKnownFileType = sourcecode.c.h; path = swscale.h; sourceTree = "<group>"; };
		7BF27A231E34756E002F708E /* version.h */ = {isa = PBXFileReference; fileEncoding = 4; lastKnownFileType = sourcecode.c.h; path = version.h; sourceTree = "<group>"; };
		7BF27A251E34756E002F708E /* libavcodec.a */ = {isa = PBXFileReference; lastKnownFileType = archive.ar; path = libavcodec.a; sourceTree = "<group>"; };
		7BF27A261E34756E002F708E /* libavdevice.a */ = {isa = PBXFileReference; lastKnownFileType = archive.ar; path = libavdevice.a; sourceTree = "<group>"; };
		7BF27A271E34756E002F708E /* libavfilter.a */ = {isa = PBXFileReference; lastKnownFileType = archive.ar; path = libavfilter.a; sourceTree = "<group>"; };
		7BF27A281E34756E002F708E /* libavformat.a */ = {isa = PBXFileReference; lastKnownFileType = archive.ar; path = libavformat.a; sourceTree = "<group>"; };
		7BF27A291E34756E002F708E /* libavutil.a */ = {isa = PBXFileReference; lastKnownFileType = archive.ar; path = libavutil.a; sourceTree = "<group>"; };
		7BF27A2A1E34756E002F708E /* libswresample.a */ = {isa = PBXFileReference; lastKnownFileType = archive.ar; path = libswresample.a; sourceTree = "<group>"; };
		7BF27A2B1E34756E002F708E /* libswscale.a */ = {isa = PBXFileReference; lastKnownFileType = archive.ar; path = libswscale.a; sourceTree = "<group>"; };
		7BF27A2D1E34756E002F708E /* KxAudioManager.h */ = {isa = PBXFileReference; fileEncoding = 4; lastKnownFileType = sourcecode.c.h; path = KxAudioManager.h; sourceTree = "<group>"; };
		7BF27A2E1E34756E002F708E /* KxAudioManager.m */ = {isa = PBXFileReference; fileEncoding = 4; lastKnownFileType = sourcecode.c.objc; path = KxAudioManager.m; sourceTree = "<group>"; };
		7BF27A2F1E34756E002F708E /* KxLogger.h */ = {isa = PBXFileReference; fileEncoding = 4; lastKnownFileType = sourcecode.c.h; path = KxLogger.h; sourceTree = "<group>"; };
		7BF27A301E34756E002F708E /* kxmovie-Prefix.pch */ = {isa = PBXFileReference; fileEncoding = 4; lastKnownFileType = sourcecode.c.h; path = "kxmovie-Prefix.pch"; sourceTree = "<group>"; };
		7BF27A311E34756E002F708E /* kxmovie.bundle */ = {isa = PBXFileReference; lastKnownFileType = "wrapper.plug-in"; path = kxmovie.bundle; sourceTree = "<group>"; };
		7BF27A321E34756E002F708E /* KxMovieDecoder.h */ = {isa = PBXFileReference; fileEncoding = 4; lastKnownFileType = sourcecode.c.h; path = KxMovieDecoder.h; sourceTree = "<group>"; };
		7BF27A331E34756E002F708E /* KxMovieDecoder.m */ = {isa = PBXFileReference; fileEncoding = 4; lastKnownFileType = sourcecode.c.objc; path = KxMovieDecoder.m; sourceTree = "<group>"; };
		7BF27A341E34756E002F708E /* KxMovieGLView.h */ = {isa = PBXFileReference; fileEncoding = 4; lastKnownFileType = sourcecode.c.h; path = KxMovieGLView.h; sourceTree = "<group>"; };
		7BF27A351E34756E002F708E /* KxMovieGLView.m */ = {isa = PBXFileReference; fileEncoding = 4; lastKnownFileType = sourcecode.c.objc; path = KxMovieGLView.m; sourceTree = "<group>"; };
		7BF27A361E34756E002F708E /* KxMovieViewController.h */ = {isa = PBXFileReference; fileEncoding = 4; lastKnownFileType = sourcecode.c.h; path = KxMovieViewController.h; sourceTree = "<group>"; };
		7BF27A371E34756E002F708E /* KxMovieViewController.m */ = {isa = PBXFileReference; fileEncoding = 4; lastKnownFileType = sourcecode.c.objc; path = KxMovieViewController.m; sourceTree = "<group>"; };
/* End PBXFileReference section */

/* Begin PBXFrameworksBuildPhase section */
		7B52CE691E10F43C00CAED9B /* Frameworks */ = {
			isa = PBXFrameworksBuildPhase;
			buildActionMask = 2147483647;
			files = (
				7BF27A391E34756E002F708E /* libavdevice.a in Frameworks */,
				7BF2791D1E345E03002F708E /* VideoToolbox.framework in Frameworks */,
				7B52CF4D1E10F64D00CAED9B /* libsqlite3.0.tbd in Frameworks */,
				7BF27A3B1E34756E002F708E /* libavformat.a in Frameworks */,
				7B52CF4B1E10F63600CAED9B /* QuartzCore.framework in Frameworks */,
				7B52CF491E10F62D00CAED9B /* CoreFoundation.framework in Frameworks */,
				7BF27A3E1E34756E002F708E /* libswscale.a in Frameworks */,
				7B52CF471E10F61800CAED9B /* UIKit.framework in Frameworks */,
				7B52CF381E10F51700CAED9B /* libz.tbd in Frameworks */,
				7B52CF361E10F50900CAED9B /* libbz2.tbd in Frameworks */,
				7B52CF341E10F4F700CAED9B /* libiconv.tbd in Frameworks */,
				7BF27A3C1E34756E002F708E /* libavutil.a in Frameworks */,
				7BF27A3A1E34756E002F708E /* libavfilter.a in Frameworks */,
				7BF27A3D1E34756E002F708E /* libswresample.a in Frameworks */,
				7BF27A381E34756E002F708E /* libavcodec.a in Frameworks */,
			);
			runOnlyForDeploymentPostprocessing = 0;
		};
/* End PBXFrameworksBuildPhase section */

/* Begin PBXGroup section */
		7B52CE631E10F43C00CAED9B = {
			isa = PBXGroup;
			children = (
				7B52CE6E1E10F43C00CAED9B /* 获取视频某一帧图片 */,
				7B52CE6D1E10F43C00CAED9B /* Products */,
				7B52CF321E10F4F600CAED9B /* Frameworks */,
			);
			sourceTree = "<group>";
		};
		7B52CE6D1E10F43C00CAED9B /* Products */ = {
			isa = PBXGroup;
			children = (
				7B52CE6C1E10F43C00CAED9B /* 获取视频某一帧图片.app */,
			);
			name = Products;
			sourceTree = "<group>";
		};
		7B52CE6E1E10F43C00CAED9B /* 获取视频某一帧图片 */ = {
			isa = PBXGroup;
			children = (
				7B52CE861E10F49E00CAED9B /* VideoThumbnail */,
				7B52CF391E10F5FE00CAED9B /* YYCache */,
				7B52CF0E1E10F49E00CAED9B /* WHTableViewCell.h */,
				7B52CF0F1E10F49E00CAED9B /* WHTableViewCell.m */,
				7B52CF101E10F49E00CAED9B /* WHTableViewCell.xib */,
				7B52CE721E10F43C00CAED9B /* AppDelegate.h */,
				7B52CE731E10F43C00CAED9B /* AppDelegate.m */,
				7B52CE751E10F43C00CAED9B /* ViewController.h */,
				7B52CE761E10F43C00CAED9B /* ViewController.m */,
				7B52CE781E10F43C00CAED9B /* Main.storyboard */,
				7B52CE7B1E10F43C00CAED9B /* Assets.xcassets */,
				7B52CE7D1E10F43C00CAED9B /* LaunchScreen.storyboard */,
				7B52CE801E10F43C00CAED9B /* Info.plist */,
				7B52CE6F1E10F43C00CAED9B /* Supporting Files */,
			);
			path = "获取视频某一帧图片";
			sourceTree = "<group>";
		};
		7B52CE6F1E10F43C00CAED9B /* Supporting Files */ = {
			isa = PBXGroup;
			children = (
				7B52CE701E10F43C00CAED9B /* main.m */,
			);
			name = "Supporting Files";
			sourceTree = "<group>";
		};
		7B52CE861E10F49E00CAED9B /* VideoThumbnail */ = {
			isa = PBXGroup;
			children = (
				7B52CE871E10F49E00CAED9B /* Build Settings 配置方法.rtf */,
				7B52CE881E10F49E00CAED9B /* Core */,
				7BF279B11E34756E002F708E /* FFmpeg */,
			);
			path = VideoThumbnail;
			sourceTree = "<group>";
		};
		7B52CE881E10F49E00CAED9B /* Core */ = {
			isa = PBXGroup;
			children = (
				7B52CE891E10F49E00CAED9B /* UIImageView+VideoThumbnail.h */,
				7B52CE8A1E10F49E00CAED9B /* UIImageView+VideoThumbnail.m */,
				7B52CE8B1E10F49E00CAED9B /* UIView+CacheOperation.h */,
				7B52CE8C1E10F49E00CAED9B /* UIView+CacheOperation.m */,
				7B52CE8D1E10F49E00CAED9B /* WHImageCache.h */,
				7B52CE8E1E10F49E00CAED9B /* WHImageCache.m */,
				7B52CE8F1E10F49E00CAED9B /* WHNetworkActivityIndicator.h */,
				7B52CE901E10F49E00CAED9B /* WHNetworkActivityIndicator.m */,
				7B52CE911E10F49E00CAED9B /* WHThumbnailManager.h */,
				7B52CE921E10F49E00CAED9B /* WHThumbnailManager.m */,
				7B52CE931E10F49E00CAED9B /* WHVideoThumbnail.h */,
			);
			path = Core;
			sourceTree = "<group>";
		};
		7B52CF321E10F4F600CAED9B /* Frameworks */ = {
			isa = PBXGroup;
			children = (
				7BF2791C1E345E03002F708E /* VideoToolbox.framework */,
				7B52CF4C1E10F64D00CAED9B /* libsqlite3.0.tbd */,
				7B52CF4A1E10F63600CAED9B /* QuartzCore.framework */,
				7B52CF481E10F62D00CAED9B /* CoreFoundation.framework */,
				7B52CF461E10F61800CAED9B /* UIKit.framework */,
				7B52CF371E10F51700CAED9B /* libz.tbd */,
				7B52CF351E10F50900CAED9B /* libbz2.tbd */,
				7B52CF331E10F4F700CAED9B /* libiconv.tbd */,
			);
			name = Frameworks;
			sourceTree = "<group>";
		};
		7B52CF391E10F5FE00CAED9B /* YYCache */ = {
			isa = PBXGroup;
			children = (
				7B52CF3A1E10F5FE00CAED9B /* YYCache.h */,
				7B52CF3B1E10F5FE00CAED9B /* YYCache.m */,
				7B52CF3C1E10F5FE00CAED9B /* YYDiskCache.h */,
				7B52CF3D1E10F5FE00CAED9B /* YYDiskCache.m */,
				7B52CF3E1E10F5FE00CAED9B /* YYKVStorage.h */,
				7B52CF3F1E10F5FE00CAED9B /* YYKVStorage.m */,
				7B52CF401E10F5FE00CAED9B /* YYMemoryCache.h */,
				7B52CF411E10F5FE00CAED9B /* YYMemoryCache.m */,
			);
			path = YYCache;
			sourceTree = "<group>";
		};
		7BF279B11E34756E002F708E /* FFmpeg */ = {
			isa = PBXGroup;
			children = (
				7BF279B21E34756E002F708E /* FFmpeg-iOS */,
				7BF27A2C1E34756E002F708E /* kxmovie */,
			);
			path = FFmpeg;
			sourceTree = "<group>";
		};
		7BF279B21E34756E002F708E /* FFmpeg-iOS */ = {
			isa = PBXGroup;
			children = (
				7BF279B31E34756E002F708E /* include */,
				7BF27A241E34756E002F708E /* lib */,
			);
			path = "FFmpeg-iOS";
			sourceTree = "<group>";
		};
		7BF279B31E34756E002F708E /* include */ = {
			isa = PBXGroup;
			children = (
				7BF279B41E34756E002F708E /* libavcodec */,
				7BF279C61E34756E002F708E /* libavdevice */,
				7BF279C91E34756E002F708E /* libavfilter */,
				7BF279CF1E34756E002F708E /* libavformat */,
				7BF279D31E34756E002F708E /* libavutil */,
				7BF27A1E1E34756E002F708E /* libswresample */,
				7BF27A211E34756E002F708E /* libswscale */,
			);
			path = include;
			sourceTree = "<group>";
		};
		7BF279B41E34756E002F708E /* libavcodec */ = {
			isa = PBXGroup;
			children = (
				7BF279B51E34756E002F708E /* avcodec.h */,
				7BF279B61E34756E002F708E /* avdct.h */,
				7BF279B71E34756E002F708E /* avfft.h */,
				7BF279B81E34756E002F708E /* d3d11va.h */,
				7BF279B91E34756E002F708E /* dirac.h */,
				7BF279BA1E34756E002F708E /* dv_profile.h */,
				7BF279BB1E34756E002F708E /* dxva2.h */,
				7BF279BC1E34756E002F708E /* jni.h */,
				7BF279BD1E34756E002F708E /* mediacodec.h */,
				7BF279BE1E34756E002F708E /* qsv.h */,
				7BF279BF1E34756E002F708E /* vaapi.h */,
				7BF279C01E34756E002F708E /* vda.h */,
				7BF279C11E34756E002F708E /* vdpau.h */,
				7BF279C21E34756E002F708E /* version.h */,
				7BF279C31E34756E002F708E /* videotoolbox.h */,
				7BF279C41E34756E002F708E /* vorbis_parser.h */,
				7BF279C51E34756E002F708E /* xvmc.h */,
			);
			path = libavcodec;
			sourceTree = "<group>";
		};
		7BF279C61E34756E002F708E /* libavdevice */ = {
			isa = PBXGroup;
			children = (
				7BF279C71E34756E002F708E /* avdevice.h */,
				7BF279C81E34756E002F708E /* version.h */,
			);
			path = libavdevice;
			sourceTree = "<group>";
		};
		7BF279C91E34756E002F708E /* libavfilter */ = {
			isa = PBXGroup;
			children = (
				7BF279CA1E34756E002F708E /* avfilter.h */,
				7BF279CB1E34756E002F708E /* avfiltergraph.h */,
				7BF279CC1E34756E002F708E /* buffersink.h */,
				7BF279CD1E34756E002F708E /* buffersrc.h */,
				7BF279CE1E34756E002F708E /* version.h */,
			);
			path = libavfilter;
			sourceTree = "<group>";
		};
		7BF279CF1E34756E002F708E /* libavformat */ = {
			isa = PBXGroup;
			children = (
				7BF279D01E34756E002F708E /* avformat.h */,
				7BF279D11E34756E002F708E /* avio.h */,
				7BF279D21E34756E002F708E /* version.h */,
			);
			path = libavformat;
			sourceTree = "<group>";
		};
		7BF279D31E34756E002F708E /* libavutil */ = {
			isa = PBXGroup;
			children = (
				7BF279D41E34756E002F708E /* adler32.h */,
				7BF279D51E34756E002F708E /* aes.h */,
				7BF279D61E34756E002F708E /* aes_ctr.h */,
				7BF279D71E34756E002F708E /* attributes.h */,
				7BF279D81E34756E002F708E /* audio_fifo.h */,
				7BF279D91E34756E002F708E /* avassert.h */,
				7BF279DA1E34756E002F708E /* avconfig.h */,
				7BF279DB1E34756E002F708E /* avstring.h */,
				7BF279DC1E34756E002F708E /* avutil.h */,
				7BF279DD1E34756E002F708E /* base64.h */,
				7BF279DE1E34756E002F708E /* blowfish.h */,
				7BF279DF1E34756E002F708E /* bprint.h */,
				7BF279E01E34756E002F708E /* bswap.h */,
				7BF279E11E34756E002F708E /* buffer.h */,
				7BF279E21E34756E002F708E /* camellia.h */,
				7BF279E31E34756E002F708E /* cast5.h */,
				7BF279E41E34756E002F708E /* channel_layout.h */,
				7BF279E51E34756E002F708E /* common.h */,
				7BF279E61E34756E002F708E /* cpu.h */,
				7BF279E71E34756E002F708E /* crc.h */,
				7BF279E81E34756E002F708E /* des.h */,
				7BF279E91E34756E002F708E /* dict.h */,
				7BF279EA1E34756E002F708E /* display.h */,
				7BF279EB1E34756E002F708E /* downmix_info.h */,
				7BF279EC1E34756E002F708E /* error.h */,
				7BF279ED1E34756E002F708E /* eval.h */,
				7BF279EE1E34756E002F708E /* ffversion.h */,
				7BF279EF1E34756E002F708E /* fifo.h */,
				7BF279F01E34756E002F708E /* file.h */,
				7BF279F11E34756E002F708E /* frame.h */,
				7BF279F21E34756E002F708E /* hash.h */,
				7BF279F31E34756E002F708E /* hmac.h */,
				7BF279F41E34756E002F708E /* hwcontext.h */,
				7BF279F51E34756E002F708E /* hwcontext_cuda.h */,
				7BF279F61E34756E002F708E /* hwcontext_dxva2.h */,
				7BF279F71E34756E002F708E /* hwcontext_qsv.h */,
				7BF279F81E34756E002F708E /* hwcontext_vaapi.h */,
				7BF279F91E34756E002F708E /* hwcontext_vdpau.h */,
				7BF279FA1E34756E002F708E /* imgutils.h */,
				7BF279FB1E34756E002F708E /* intfloat.h */,
				7BF279FC1E34756E002F708E /* intreadwrite.h */,
				7BF279FD1E34756E002F708E /* lfg.h */,
				7BF279FE1E34756E002F708E /* log.h */,
				7BF279FF1E34756E002F708E /* lzo.h */,
				7BF27A001E34756E002F708E /* macros.h */,
				7BF27A011E34756E002F708E /* mastering_display_metadata.h */,
				7BF27A021E34756E002F708E /* mathematics.h */,
				7BF27A031E34756E002F708E /* md5.h */,
				7BF27A041E34756E002F708E /* mem.h */,
				7BF27A051E34756E002F708E /* motion_vector.h */,
				7BF27A061E34756E002F708E /* murmur3.h */,
				7BF27A071E34756E002F708E /* opt.h */,
				7BF27A081E34756E002F708E /* parseutils.h */,
				7BF27A091E34756E002F708E /* pixdesc.h */,
				7BF27A0A1E34756E002F708E /* pixelutils.h */,
				7BF27A0B1E34756E002F708E /* pixfmt.h */,
				7BF27A0C1E34756E002F708E /* random_seed.h */,
				7BF27A0D1E34756E002F708E /* rational.h */,
				7BF27A0E1E34756E002F708E /* rc4.h */,
				7BF27A0F1E34756E002F708E /* replaygain.h */,
				7BF27A101E34756E002F708E /* ripemd.h */,
				7BF27A111E34756E002F708E /* samplefmt.h */,
				7BF27A121E34756E002F708E /* sha.h */,
				7BF27A131E34756E002F708E /* sha512.h */,
				7BF27A141E34756E002F708E /* stereo3d.h */,
				7BF27A151E34756E002F708E /* tea.h */,
				7BF27A161E34756E002F708E /* threadmessage.h */,
				7BF27A171E34756E002F708E /* time.h */,
				7BF27A181E34756E002F708E /* timecode.h */,
				7BF27A191E34756E002F708E /* timestamp.h */,
				7BF27A1A1E34756E002F708E /* tree.h */,
				7BF27A1B1E34756E002F708E /* twofish.h */,
				7BF27A1C1E34756E002F708E /* version.h */,
				7BF27A1D1E34756E002F708E /* xtea.h */,
			);
			path = libavutil;
			sourceTree = "<group>";
		};
		7BF27A1E1E34756E002F708E /* libswresample */ = {
			isa = PBXGroup;
			children = (
				7BF27A1F1E34756E002F708E /* swresample.h */,
				7BF27A201E34756E002F708E /* version.h */,
			);
			path = libswresample;
			sourceTree = "<group>";
		};
		7BF27A211E34756E002F708E /* libswscale */ = {
			isa = PBXGroup;
			children = (
				7BF27A221E34756E002F708E /* swscale.h */,
				7BF27A231E34756E002F708E /* version.h */,
			);
			path = libswscale;
			sourceTree = "<group>";
		};
		7BF27A241E34756E002F708E /* lib */ = {
			isa = PBXGroup;
			children = (
				7BF27A251E34756E002F708E /* libavcodec.a */,
				7BF27A261E34756E002F708E /* libavdevice.a */,
				7BF27A271E34756E002F708E /* libavfilter.a */,
				7BF27A281E34756E002F708E /* libavformat.a */,
				7BF27A291E34756E002F708E /* libavutil.a */,
				7BF27A2A1E34756E002F708E /* libswresample.a */,
				7BF27A2B1E34756E002F708E /* libswscale.a */,
			);
			path = lib;
			sourceTree = "<group>";
		};
		7BF27A2C1E34756E002F708E /* kxmovie */ = {
			isa = PBXGroup;
			children = (
				7BF27A2D1E34756E002F708E /* KxAudioManager.h */,
				7BF27A2E1E34756E002F708E /* KxAudioManager.m */,
				7BF27A2F1E34756E002F708E /* KxLogger.h */,
				7BF27A301E34756E002F708E /* kxmovie-Prefix.pch */,
				7BF27A311E34756E002F708E /* kxmovie.bundle */,
				7BF27A321E34756E002F708E /* KxMovieDecoder.h */,
				7BF27A331E34756E002F708E /* KxMovieDecoder.m */,
				7BF27A341E34756E002F708E /* KxMovieGLView.h */,
				7BF27A351E34756E002F708E /* KxMovieGLView.m */,
				7BF27A361E34756E002F708E /* KxMovieViewController.h */,
				7BF27A371E34756E002F708E /* KxMovieViewController.m */,
			);
			path = kxmovie;
			sourceTree = "<group>";
		};
/* End PBXGroup section */

/* Begin PBXNativeTarget section */
		7B52CE6B1E10F43C00CAED9B /* 获取视频某一帧图片 */ = {
			isa = PBXNativeTarget;
			buildConfigurationList = 7B52CE831E10F43C00CAED9B /* Build configuration list for PBXNativeTarget "获取视频某一帧图片" */;
			buildPhases = (
				7B52CE681E10F43C00CAED9B /* Sources */,
				7B52CE691E10F43C00CAED9B /* Frameworks */,
				7B52CE6A1E10F43C00CAED9B /* Resources */,
			);
			buildRules = (
			);
			dependencies = (
			);
			name = "获取视频某一帧图片";
			productName = "获取视频某一帧图片";
			productReference = 7B52CE6C1E10F43C00CAED9B /* 获取视频某一帧图片.app */;
			productType = "com.apple.product-type.application";
		};
/* End PBXNativeTarget section */

/* Begin PBXProject section */
		7B52CE641E10F43C00CAED9B /* Project object */ = {
			isa = PBXProject;
			attributes = {
				LastUpgradeCheck = 0820;
				ORGANIZATIONNAME = wanghui;
				TargetAttributes = {
					7B52CE6B1E10F43C00CAED9B = {
						CreatedOnToolsVersion = 8.2.1;
						ProvisioningStyle = Automatic;
					};
				};
			};
			buildConfigurationList = 7B52CE671E10F43C00CAED9B /* Build configuration list for PBXProject "获取视频某一帧图片" */;
			compatibilityVersion = "Xcode 3.2";
			developmentRegion = English;
			hasScannedForEncodings = 0;
			knownRegions = (
				en,
				Base,
			);
			mainGroup = 7B52CE631E10F43C00CAED9B;
			productRefGroup = 7B52CE6D1E10F43C00CAED9B /* Products */;
			projectDirPath = "";
			projectRoot = "";
			targets = (
				7B52CE6B1E10F43C00CAED9B /* 获取视频某一帧图片 */,
			);
		};
/* End PBXProject section */

/* Begin PBXResourcesBuildPhase section */
		7B52CE6A1E10F43C00CAED9B /* Resources */ = {
			isa = PBXResourcesBuildPhase;
			buildActionMask = 2147483647;
			files = (
				7B52CE7F1E10F43C00CAED9B /* LaunchScreen.storyboard in Resources */,
				7B52CE7C1E10F43C00CAED9B /* Assets.xcassets in Resources */,
				7B52CE7A1E10F43C00CAED9B /* Main.storyboard in Resources */,
				7BF27A401E34756E002F708E /* kxmovie.bundle in Resources */,
				7B52CF2D1E10F49E00CAED9B /* WHTableViewCell.xib in Resources */,
				7B52CF1A1E10F49E00CAED9B /* Build Settings 配置方法.rtf in Resources */,
			);
			runOnlyForDeploymentPostprocessing = 0;
		};
/* End PBXResourcesBuildPhase section */

/* Begin PBXSourcesBuildPhase section */
		7B52CE681E10F43C00CAED9B /* Sources */ = {
			isa = PBXSourcesBuildPhase;
			buildActionMask = 2147483647;
			files = (
				7B52CF441E10F5FE00CAED9B /* YYKVStorage.m in Sources */,
				7BF27A3F1E34756E002F708E /* KxAudioManager.m in Sources */,
				7BF27A431E34756E002F708E /* KxMovieViewController.m in Sources */,
				7B52CF2C1E10F49E00CAED9B /* WHTableViewCell.m in Sources */,
				7B52CE771E10F43C00CAED9B /* ViewController.m in Sources */,
				7B52CF1C1E10F49E00CAED9B /* UIView+CacheOperation.m in Sources */,
				7B52CF421E10F5FE00CAED9B /* YYCache.m in Sources */,
				7B52CF1B1E10F49E00CAED9B /* UIImageView+VideoThumbnail.m in Sources */,
				7B52CE741E10F43C00CAED9B /* AppDelegate.m in Sources */,
				7B52CE711E10F43C00CAED9B /* main.m in Sources */,
				7B52CF1F1E10F49E00CAED9B /* WHThumbnailManager.m in Sources */,
				7BF27A411E34756E002F708E /* KxMovieDecoder.m in Sources */,
				7BF27A421E34756E002F708E /* KxMovieGLView.m in Sources */,
				7B52CF431E10F5FE00CAED9B /* YYDiskCache.m in Sources */,
				7B52CF1E1E10F49E00CAED9B /* WHNetworkActivityIndicator.m in Sources */,
				7B52CF451E10F5FE00CAED9B /* YYMemoryCache.m in Sources */,
				7B52CF1D1E10F49E00CAED9B /* WHImageCache.m in Sources */,
			);
			runOnlyForDeploymentPostprocessing = 0;
		};
/* End PBXSourcesBuildPhase section */

/* Begin PBXVariantGroup section */
		7B52CE781E10F43C00CAED9B /* Main.storyboard */ = {
			isa = PBXVariantGroup;
			children = (
				7B52CE791E10F43C00CAED9B /* Base */,
			);
			name = Main.storyboard;
			sourceTree = "<group>";
		};
		7B52CE7D1E10F43C00CAED9B /* LaunchScreen.storyboard */ = {
			isa = PBXVariantGroup;
			children = (
				7B52CE7E1E10F43C00CAED9B /* Base */,
			);
			name = LaunchScreen.storyboard;
			sourceTree = "<group>";
		};
/* End PBXVariantGroup section */

/* Begin XCBuildConfiguration section */
		7B52CE811E10F43C00CAED9B /* Debug */ = {
			isa = XCBuildConfiguration;
			buildSettings = {
				ALWAYS_SEARCH_USER_PATHS = NO;
				CLANG_ANALYZER_NONNULL = YES;
				CLANG_CXX_LANGUAGE_STANDARD = "gnu++0x";
				CLANG_CXX_LIBRARY = "libc++";
				CLANG_ENABLE_MODULES = YES;
				CLANG_ENABLE_OBJC_ARC = YES;
				CLANG_WARN_BOOL_CONVERSION = YES;
				CLANG_WARN_CONSTANT_CONVERSION = YES;
				CLANG_WARN_DIRECT_OBJC_ISA_USAGE = YES_ERROR;
				CLANG_WARN_DOCUMENTATION_COMMENTS = YES;
				CLANG_WARN_EMPTY_BODY = YES;
				CLANG_WARN_ENUM_CONVERSION = YES;
				CLANG_WARN_INFINITE_RECURSION = YES;
				CLANG_WARN_INT_CONVERSION = YES;
				CLANG_WARN_OBJC_ROOT_CLASS = YES_ERROR;
				CLANG_WARN_SUSPICIOUS_MOVE = YES;
				CLANG_WARN_UNREACHABLE_CODE = YES;
				CLANG_WARN__DUPLICATE_METHOD_MATCH = YES;
				"CODE_SIGN_IDENTITY[sdk=iphoneos*]" = "iPhone Developer";
				COPY_PHASE_STRIP = NO;
				DEBUG_INFORMATION_FORMAT = dwarf;
				ENABLE_STRICT_OBJC_MSGSEND = YES;
				ENABLE_TESTABILITY = YES;
				GCC_C_LANGUAGE_STANDARD = gnu99;
				GCC_DYNAMIC_NO_PIC = NO;
				GCC_NO_COMMON_BLOCKS = YES;
				GCC_OPTIMIZATION_LEVEL = 0;
				GCC_PREPROCESSOR_DEFINITIONS = (
					"DEBUG=1",
					"$(inherited)",
				);
				GCC_WARN_64_TO_32_BIT_CONVERSION = YES;
				GCC_WARN_ABOUT_RETURN_TYPE = YES_ERROR;
				GCC_WARN_UNDECLARED_SELECTOR = YES;
				GCC_WARN_UNINITIALIZED_AUTOS = YES_AGGRESSIVE;
				GCC_WARN_UNUSED_FUNCTION = YES;
				GCC_WARN_UNUSED_VARIABLE = YES;
				IPHONEOS_DEPLOYMENT_TARGET = 10.2;
				MTL_ENABLE_DEBUG_INFO = YES;
				ONLY_ACTIVE_ARCH = YES;
				SDKROOT = iphoneos;
			};
			name = Debug;
		};
		7B52CE821E10F43C00CAED9B /* Release */ = {
			isa = XCBuildConfiguration;
			buildSettings = {
				ALWAYS_SEARCH_USER_PATHS = NO;
				CLANG_ANALYZER_NONNULL = YES;
				CLANG_CXX_LANGUAGE_STANDARD = "gnu++0x";
				CLANG_CXX_LIBRARY = "libc++";
				CLANG_ENABLE_MODULES = YES;
				CLANG_ENABLE_OBJC_ARC = YES;
				CLANG_WARN_BOOL_CONVERSION = YES;
				CLANG_WARN_CONSTANT_CONVERSION = YES;
				CLANG_WARN_DIRECT_OBJC_ISA_USAGE = YES_ERROR;
				CLANG_WARN_DOCUMENTATION_COMMENTS = YES;
				CLANG_WARN_EMPTY_BODY = YES;
				CLANG_WARN_ENUM_CONVERSION = YES;
				CLANG_WARN_INFINITE_RECURSION = YES;
				CLANG_WARN_INT_CONVERSION = YES;
				CLANG_WARN_OBJC_ROOT_CLASS = YES_ERROR;
				CLANG_WARN_SUSPICIOUS_MOVE = YES;
				CLANG_WARN_UNREACHABLE_CODE = YES;
				CLANG_WARN__DUPLICATE_METHOD_MATCH = YES;
				"CODE_SIGN_IDENTITY[sdk=iphoneos*]" = "iPhone Developer";
				COPY_PHASE_STRIP = NO;
				DEBUG_INFORMATION_FORMAT = "dwarf-with-dsym";
				ENABLE_NS_ASSERTIONS = NO;
				ENABLE_STRICT_OBJC_MSGSEND = YES;
				GCC_C_LANGUAGE_STANDARD = gnu99;
				GCC_NO_COMMON_BLOCKS = YES;
				GCC_WARN_64_TO_32_BIT_CONVERSION = YES;
				GCC_WARN_ABOUT_RETURN_TYPE = YES_ERROR;
				GCC_WARN_UNDECLARED_SELECTOR = YES;
				GCC_WARN_UNINITIALIZED_AUTOS = YES_AGGRESSIVE;
				GCC_WARN_UNUSED_FUNCTION = YES;
				GCC_WARN_UNUSED_VARIABLE = YES;
				IPHONEOS_DEPLOYMENT_TARGET = 10.2;
				MTL_ENABLE_DEBUG_INFO = NO;
				SDKROOT = iphoneos;
				VALIDATE_PRODUCT = YES;
			};
			name = Release;
		};
		7B52CE841E10F43C00CAED9B /* Debug */ = {
			isa = XCBuildConfiguration;
			buildSettings = {
				ASSETCATALOG_COMPILER_APPICON_NAME = AppIcon;
				HEADER_SEARCH_PATHS = (
					"$(inherited)",
					"$(PROJECT_DIR)/获取视频某一帧图片/VideoThumbnail/FFmpeg/FFmpeg-iOS/include",
				);
				INFOPLIST_FILE = "获取视频某一帧图片/Info.plist";
				IPHONEOS_DEPLOYMENT_TARGET = 8.0;
				LD_RUNPATH_SEARCH_PATHS = "$(inherited) @executable_path/Frameworks";
				LIBRARY_SEARCH_PATHS = (
					"$(inherited)",
					"$(PROJECT_DIR)/获取视频某一帧图片/VideoThumbnail/FFmpeg/FFmpeg-iOS/lib",
				);
				PRODUCT_BUNDLE_IDENTIFIER = "com.huawei.---------";
				PRODUCT_NAME = "$(TARGET_NAME)";
			};
			name = Debug;
		};
		7B52CE851E10F43C00CAED9B /* Release */ = {
			isa = XCBuildConfiguration;
			buildSettings = {
				ASSETCATALOG_COMPILER_APPICON_NAME = AppIcon;
				HEADER_SEARCH_PATHS = (
					"$(inherited)",
					"$(PROJECT_DIR)/获取视频某一帧图片/VideoThumbnail/FFmpeg/FFmpeg-iOS/include",
				);
				INFOPLIST_FILE = "获取视频某一帧图片/Info.plist";
				IPHONEOS_DEPLOYMENT_TARGET = 8.0;
				LD_RUNPATH_SEARCH_PATHS = "$(inherited) @executable_path/Frameworks";
				LIBRARY_SEARCH_PATHS = (
					"$(inherited)",
					"$(PROJECT_DIR)/获取视频某一帧图片/VideoThumbnail/FFmpeg/FFmpeg-iOS/lib",
				);
				PRODUCT_BUNDLE_IDENTIFIER = "com.huawei.---------";
				PRODUCT_NAME = "$(TARGET_NAME)";
			};
			name = Release;
		};
/* End XCBuildConfiguration section */

/* Begin XCConfigurationList section */
		7B52CE671E10F43C00CAED9B /* Build configuration list for PBXProject "获取视频某一帧图片" */ = {
			isa = XCConfigurationList;
			buildConfigurations = (
				7B52CE811E10F43C00CAED9B /* Debug */,
				7B52CE821E10F43C00CAED9B /* Release */,
			);
			defaultConfigurationIsVisible = 0;
			defaultConfigurationName = Release;
		};
		7B52CE831E10F43C00CAED9B /* Build configuration list for PBXNativeTarget "获取视频某一帧图片" */ = {
			isa = XCConfigurationList;
			buildConfigurations = (
				7B52CE841E10F43C00CAED9B /* Debug */,
				7B52CE851E10F43C00CAED9B /* Release */,
			);
			defaultConfigurationIsVisible = 0;
			defaultConfigurationName = Release;
		};
/* End XCConfigurationList section */
	};
	rootObject = 7B52CE641E10F43C00CAED9B /* Project object */;
}
